// !$*UTF8*$!
{
	archiveVersion = 1;
	classes = {
	};
	objectVersion = 50;
	objects = {

/* Begin PBXBuildFile section */
		450C259123639BED00F906C1 /* MyAnnotation.m in Sources */ = {isa = PBXBuildFile; fileRef = 450C259023639BED00F906C1 /* MyAnnotation.m */; };
		450C25952363A68900F906C1 /* UIImage+ColorChange.m in Sources */ = {isa = PBXBuildFile; fileRef = 450C25942363A68900F906C1 /* UIImage+ColorChange.m */; };
		450C25982363AEF000F906C1 /* UIColor+Utility.m in Sources */ = {isa = PBXBuildFile; fileRef = 450C25972363AEF000F906C1 /* UIColor+Utility.m */; };
		4557DA2723610257003752D3 /* UIKit.framework in Frameworks */ = {isa = PBXBuildFile; fileRef = 4557DA2623610257003752D3 /* UIKit.framework */; };
		459005F12360F2EE00B0F296 /* MapKit.framework in Frameworks */ = {isa = PBXBuildFile; fileRef = 459005F02360F2EE00B0F296 /* MapKit.framework */; };
		45B0FAD72367778C00F775C4 /* FeedsList.m in Sources */ = {isa = PBXBuildFile; fileRef = 45B0FAD62367778C00F775C4 /* FeedsList.m */; };
		45E1C7292360EE400079DBB1 /* AppDelegate.m in Sources */ = {isa = PBXBuildFile; fileRef = 45E1C7282360EE400079DBB1 /* AppDelegate.m */; };
		45E1C72C2360EE400079DBB1 /* SceneDelegate.m in Sources */ = {isa = PBXBuildFile; fileRef = 45E1C72B2360EE400079DBB1 /* SceneDelegate.m */; };
		45E1C72F2360EE400079DBB1 /* ViewController.m in Sources */ = {isa = PBXBuildFile; fileRef = 45E1C72E2360EE400079DBB1 /* ViewController.m */; };
		45E1C7322360EE400079DBB1 /* Main.storyboard in Resources */ = {isa = PBXBuildFile; fileRef = 45E1C7302360EE400079DBB1 /* Main.storyboard */; };
		45E1C7342360EE460079DBB1 /* Assets.xcassets in Resources */ = {isa = PBXBuildFile; fileRef = 45E1C7332360EE460079DBB1 /* Assets.xcassets */; };
		45E1C7372360EE460079DBB1 /* LaunchScreen.storyboard in Resources */ = {isa = PBXBuildFile; fileRef = 45E1C7352360EE460079DBB1 /* LaunchScreen.storyboard */; };
		45E1C73A2360EE460079DBB1 /* main.m in Sources */ = {isa = PBXBuildFile; fileRef = 45E1C7392360EE460079DBB1 /* main.m */; };
/* End PBXBuildFile section */

/* Begin PBXFileReference section */
		450C258F23639BED00F906C1 /* MyAnnotation.h */ = {isa = PBXFileReference; lastKnownFileType = sourcecode.c.h; path = MyAnnotation.h; sourceTree = "<group>"; };
		450C259023639BED00F906C1 /* MyAnnotation.m */ = {isa = PBXFileReference; lastKnownFileType = sourcecode.c.objc; path = MyAnnotation.m; sourceTree = "<group>"; };
		450C25932363A68900F906C1 /* UIImage+ColorChange.h */ = {isa = PBXFileReference; lastKnownFileType = sourcecode.c.h; path = "UIImage+ColorChange.h"; sourceTree = "<group>"; };
		450C25942363A68900F906C1 /* UIImage+ColorChange.m */ = {isa = PBXFileReference; lastKnownFileType = sourcecode.c.objc; path = "UIImage+ColorChange.m"; sourceTree = "<group>"; };
		450C25962363AEF000F906C1 /* UIColor+Utility.h */ = {isa = PBXFileReference; lastKnownFileType = sourcecode.c.h; path = "UIColor+Utility.h"; sourceTree = "<group>"; };
		450C25972363AEF000F906C1 /* UIColor+Utility.m */ = {isa = PBXFileReference; lastKnownFileType = sourcecode.c.objc; path = "UIColor+Utility.m"; sourceTree = "<group>"; };
		4557DA2623610257003752D3 /* UIKit.framework */ = {isa = PBXFileReference; lastKnownFileType = wrapper.framework; name = UIKit.framework; path = System/Library/Frameworks/UIKit.framework; sourceTree = SDKROOT; };
		459005F02360F2EE00B0F296 /* MapKit.framework */ = {isa = PBXFileReference; lastKnownFileType = wrapper.framework; name = MapKit.framework; path = System/Library/Frameworks/MapKit.framework; sourceTree = SDKROOT; };
		45B0FAD52367778C00F775C4 /* FeedsList.h */ = {isa = PBXFileReference; lastKnownFileType = sourcecode.c.h; path = FeedsList.h; sourceTree = "<group>"; };
		45B0FAD62367778C00F775C4 /* FeedsList.m */ = {isa = PBXFileReference; lastKnownFileType = sourcecode.c.objc; path = FeedsList.m; sourceTree = "<group>"; };
		45E1C7242360EE400079DBB1 /* mapapp.app */ = {isa = PBXFileReference; explicitFileType = wrapper.application; includeInIndex = 0; path = mapapp.app; sourceTree = BUILT_PRODUCTS_DIR; };
		45E1C7272360EE400079DBB1 /* AppDelegate.h */ = {isa = PBXFileReference; lastKnownFileType = sourcecode.c.h; path = AppDelegate.h; sourceTree = "<group>"; };
		45E1C7282360EE400079DBB1 /* AppDelegate.m */ = {isa = PBXFileReference; lastKnownFileType = sourcecode.c.objc; path = AppDelegate.m; sourceTree = "<group>"; };
		45E1C72A2360EE400079DBB1 /* SceneDelegate.h */ = {isa = PBXFileReference; lastKnownFileType = sourcecode.c.h; path = SceneDelegate.h; sourceTree = "<group>"; };
		45E1C72B2360EE400079DBB1 /* SceneDelegate.m */ = {isa = PBXFileReference; lastKnownFileType = sourcecode.c.objc; path = SceneDelegate.m; sourceTree = "<group>"; };
		45E1C72D2360EE400079DBB1 /* ViewController.h */ = {isa = PBXFileReference; lastKnownFileType = sourcecode.c.h; path = ViewController.h; sourceTree = "<group>"; };
		45E1C72E2360EE400079DBB1 /* ViewController.m */ = {isa = PBXFileReference; lastKnownFileType = sourcecode.c.objc; path = ViewController.m; sourceTree = "<group>"; };
		45E1C7312360EE400079DBB1 /* Base */ = {isa = PBXFileReference; lastKnownFileType = file.storyboard; name = Base; path = Base.lproj/Main.storyboard; sourceTree = "<group>"; };
		45E1C7332360EE460079DBB1 /* Assets.xcassets */ = {isa = PBXFileReference; lastKnownFileType = folder.assetcatalog; path = Assets.xcassets; sourceTree = "<group>"; };
		45E1C7362360EE460079DBB1 /* Base */ = {isa = PBXFileReference; lastKnownFileType = file.storyboard; name = Base; path = Base.lproj/LaunchScreen.storyboard; sourceTree = "<group>"; };
		45E1C7382360EE460079DBB1 /* Info.plist */ = {isa = PBXFileReference; lastKnownFileType = text.plist.xml; path = Info.plist; sourceTree = "<group>"; };
		45E1C7392360EE460079DBB1 /* main.m */ = {isa = PBXFileReference; lastKnownFileType = sourcecode.c.objc; path = main.m; sourceTree = "<group>"; };
/* End PBXFileReference section */

/* Begin PBXFrameworksBuildPhase section */
		45E1C7212360EE400079DBB1 /* Frameworks */ = {
			isa = PBXFrameworksBuildPhase;
			buildActionMask = 2147483647;
			files = (
				4557DA2723610257003752D3 /* UIKit.framework in Frameworks */,
				459005F12360F2EE00B0F296 /* MapKit.framework in Frameworks */,
			);
			runOnlyForDeploymentPostprocessing = 0;
		};
/* End PBXFrameworksBuildPhase section */

/* Begin PBXGroup section */
		450C25922363A65600F906C1 /* utility */ = {
			isa = PBXGroup;
			children = (
				450C25932363A68900F906C1 /* UIImage+ColorChange.h */,
				450C25942363A68900F906C1 /* UIImage+ColorChange.m */,
				450C25962363AEF000F906C1 /* UIColor+Utility.h */,
				450C25972363AEF000F906C1 /* UIColor+Utility.m */,
			);
			path = utility;
			sourceTree = "<group>";
		};
		459005EF2360F2EE00B0F296 /* Frameworks */ = {
			isa = PBXGroup;
			children = (
				4557DA2623610257003752D3 /* UIKit.framework */,
				459005F02360F2EE00B0F296 /* MapKit.framework */,
			);
			name = Frameworks;
			sourceTree = "<group>";
		};
		45E1C71B2360EE400079DBB1 = {
			isa = PBXGroup;
			children = (
				45E1C7262360EE400079DBB1 /* mapapp */,
				45E1C7252360EE400079DBB1 /* Products */,
				459005EF2360F2EE00B0F296 /* Frameworks */,
			);
			sourceTree = "<group>";
		};
		45E1C7252360EE400079DBB1 /* Products */ = {
			isa = PBXGroup;
			children = (
				45E1C7242360EE400079DBB1 /* mapapp.app */,
			);
			name = Products;
			sourceTree = "<group>";
		};
		45E1C7262360EE400079DBB1 /* mapapp */ = {
			isa = PBXGroup;
			children = (
				450C25922363A65600F906C1 /* utility */,
				45F273912360F0CE002FCC4F /* data */,
				45E1C7272360EE400079DBB1 /* AppDelegate.h */,
				45E1C7282360EE400079DBB1 /* AppDelegate.m */,
				45E1C72A2360EE400079DBB1 /* SceneDelegate.h */,
				45E1C72B2360EE400079DBB1 /* SceneDelegate.m */,
				45E1C72D2360EE400079DBB1 /* ViewController.h */,
				45E1C72E2360EE400079DBB1 /* ViewController.m */,
				45E1C7302360EE400079DBB1 /* Main.storyboard */,
				45E1C7332360EE460079DBB1 /* Assets.xcassets */,
				45E1C7352360EE460079DBB1 /* LaunchScreen.storyboard */,
				45E1C7382360EE460079DBB1 /* Info.plist */,
				45E1C7392360EE460079DBB1 /* main.m */,
			);
			path = mapapp;
			sourceTree = "<group>";
		};
		45F273912360F0CE002FCC4F /* data */ = {
			isa = PBXGroup;
			children = (
				450C258F23639BED00F906C1 /* MyAnnotation.h */,
				450C259023639BED00F906C1 /* MyAnnotation.m */,
				45B0FAD52367778C00F775C4 /* FeedsList.h */,
				45B0FAD62367778C00F775C4 /* FeedsList.m */,
			);
			path = data;
			sourceTree = "<group>";
		};
/* End PBXGroup section */

/* Begin PBXNativeTarget section */
		45E1C7232360EE400079DBB1 /* mapapp */ = {
			isa = PBXNativeTarget;
			buildConfigurationList = 45E1C73D2360EE460079DBB1 /* Build configuration list for PBXNativeTarget "mapapp" */;
			buildPhases = (
				45E1C7202360EE400079DBB1 /* Sources */,
				45E1C7212360EE400079DBB1 /* Frameworks */,
				45E1C7222360EE400079DBB1 /* Resources */,
			);
			buildRules = (
			);
			dependencies = (
			);
			name = mapapp;
			productName = mapapp;
			productReference = 45E1C7242360EE400079DBB1 /* mapapp.app */;
			productType = "com.apple.product-type.application";
		};
/* End PBXNativeTarget section */

/* Begin PBXProject section */
		45E1C71C2360EE400079DBB1 /* Project object */ = {
			isa = PBXProject;
			attributes = {
				LastUpgradeCheck = 1100;
				ORGANIZATIONNAME = "Thomas Brian";
				TargetAttributes = {
					45E1C7232360EE400079DBB1 = {
						CreatedOnToolsVersion = 11.0;
					};
				};
			};
			buildConfigurationList = 45E1C71F2360EE400079DBB1 /* Build configuration list for PBXProject "mapapp" */;
			compatibilityVersion = "Xcode 9.3";
			developmentRegion = en;
			hasScannedForEncodings = 0;
			knownRegions = (
				en,
				Base,
			);
			mainGroup = 45E1C71B2360EE400079DBB1;
			productRefGroup = 45E1C7252360EE400079DBB1 /* Products */;
			projectDirPath = "";
			projectRoot = "";
			targets = (
				45E1C7232360EE400079DBB1 /* mapapp */,
			);
		};
/* End PBXProject section */

/* Begin PBXResourcesBuildPhase section */
		45E1C7222360EE400079DBB1 /* Resources */ = {
			isa = PBXResourcesBuildPhase;
			buildActionMask = 2147483647;
			files = (
				45E1C7372360EE460079DBB1 /* LaunchScreen.storyboard in Resources */,
				45E1C7342360EE460079DBB1 /* Assets.xcassets in Resources */,
				45E1C7322360EE400079DBB1 /* Main.storyboard in Resources */,
			);
			runOnlyForDeploymentPostprocessing = 0;
		};
/* End PBXResourcesBuildPhase section */

/* Begin PBXSourcesBuildPhase section */
		45E1C7202360EE400079DBB1 /* Sources */ = {
			isa = PBXSourcesBuildPhase;
			buildActionMask = 2147483647;
			files = (
				45E1C72F2360EE400079DBB1 /* ViewController.m in Sources */,
				45B0FAD72367778C00F775C4 /* FeedsList.m in Sources */,
				450C25982363AEF000F906C1 /* UIColor+Utility.m in Sources */,
				450C25952363A68900F906C1 /* UIImage+ColorChange.m in Sources */,
				450C259123639BED00F906C1 /* MyAnnotation.m in Sources */,
				45E1C7292360EE400079DBB1 /* AppDelegate.m in Sources */,
				45E1C73A2360EE460079DBB1 /* main.m in Sources */,
				45E1C72C2360EE400079DBB1 /* SceneDelegate.m in Sources */,
			);
			runOnlyForDeploymentPostprocessing = 0;
		};
/* End PBXSourcesBuildPhase section */

/* Begin PBXVariantGroup section */
		45E1C7302360EE400079DBB1 /* Main.storyboard */ = {
			isa = PBXVariantGroup;
			children = (
				45E1C7312360EE400079DBB1 /* Base */,
			);
			name = Main.storyboard;
			sourceTree = "<group>";
		};
		45E1C7352360EE460079DBB1 /* LaunchScreen.storyboard */ = {
			isa = PBXVariantGroup;
			children = (
				45E1C7362360EE460079DBB1 /* Base */,
			);
			name = LaunchScreen.storyboard;
			sourceTree = "<group>";
		};
/* End PBXVariantGroup section */

/* Begin XCBuildConfiguration section */
		45E1C73B2360EE460079DBB1 /* Debug */ = {
			isa = XCBuildConfiguration;
			buildSettings = {
				ALWAYS_SEARCH_USER_PATHS = NO;
				CLANG_ANALYZER_NONNULL = YES;
				CLANG_ANALYZER_NUMBER_OBJECT_CONVERSION = YES_AGGRESSIVE;
				CLANG_CXX_LANGUAGE_STANDARD = "gnu++14";
				CLANG_CXX_LIBRARY = "libc++";
				CLANG_ENABLE_MODULES = YES;
				CLANG_ENABLE_OBJC_ARC = YES;
				CLANG_ENABLE_OBJC_WEAK = YES;
				CLANG_WARN_BLOCK_CAPTURE_AUTORELEASING = YES;
				CLANG_WARN_BOOL_CONVERSION = YES;
				CLANG_WARN_COMMA = YES;
				CLANG_WARN_CONSTANT_CONVERSION = YES;
				CLANG_WARN_DEPRECATED_OBJC_IMPLEMENTATIONS = YES;
				CLANG_WARN_DIRECT_OBJC_ISA_USAGE = YES_ERROR;
				CLANG_WARN_DOCUMENTATION_COMMENTS = YES;
				CLANG_WARN_EMPTY_BODY = YES;
				CLANG_WARN_ENUM_CONVERSION = YES;
				CLANG_WARN_INFINITE_RECURSION = YES;
				CLANG_WARN_INT_CONVERSION = YES;
				CLANG_WARN_NON_LITERAL_NULL_CONVERSION = YES;
				CLANG_WARN_OBJC_IMPLICIT_RETAIN_SELF = YES;
				CLANG_WARN_OBJC_LITERAL_CONVERSION = YES;
				CLANG_WARN_OBJC_ROOT_CLASS = YES_ERROR;
				CLANG_WARN_RANGE_LOOP_ANALYSIS = YES;
				CLANG_WARN_STRICT_PROTOTYPES = YES;
				CLANG_WARN_SUSPICIOUS_MOVE = YES;
				CLANG_WARN_UNGUARDED_AVAILABILITY = YES_AGGRESSIVE;
				CLANG_WARN_UNREACHABLE_CODE = YES;
				CLANG_WARN__DUPLICATE_METHOD_MATCH = YES;
				COPY_PHASE_STRIP = NO;
				DEBUG_INFORMATION_FORMAT = dwarf;
				ENABLE_STRICT_OBJC_MSGSEND = YES;
				ENABLE_TESTABILITY = YES;
				GCC_C_LANGUAGE_STANDARD = gnu11;
				GCC_DYNAMIC_NO_PIC = NO;
				GCC_NO_COMMON_BLOCKS = YES;
				GCC_OPTIMIZATION_LEVEL = 0;
				GCC_PREPROCESSOR_DEFINITIONS = (
					"DEBUG=1",
					"$(inherited)",
				);
				GCC_WARN_64_TO_32_BIT_CONVERSION = YES;
				GCC_WARN_ABOUT_RETURN_TYPE = YES_ERROR;
				GCC_WARN_UNDECLARED_SELECTOR = YES;
				GCC_WARN_UNINITIALIZED_AUTOS = YES_AGGRESSIVE;
				GCC_WARN_UNUSED_FUNCTION = YES;
				GCC_WARN_UNUSED_VARIABLE = YES;
				IPHONEOS_DEPLOYMENT_TARGET = 13.0;
				MTL_ENABLE_DEBUG_INFO = INCLUDE_SOURCE;
				MTL_FAST_MATH = YES;
				ONLY_ACTIVE_ARCH = YES;
				SDKROOT = iphoneos;
			};
			name = Debug;
		};
		45E1C73C2360EE460079DBB1 /* Release */ = {
			isa = XCBuildConfiguration;
			buildSettings = {
				ALWAYS_SEARCH_USER_PATHS = NO;
				CLANG_ANALYZER_NONNULL = YES;
				CLANG_ANALYZER_NUMBER_OBJECT_CONVERSION = YES_AGGRESSIVE;
				CLANG_CXX_LANGUAGE_STANDARD = "gnu++14";
				CLANG_CXX_LIBRARY = "libc++";
				CLANG_ENABLE_MODULES = YES;
				CLANG_ENABLE_OBJC_ARC = YES;
				CLANG_ENABLE_OBJC_WEAK = YES;
				CLANG_WARN_BLOCK_CAPTURE_AUTORELEASING = YES;
				CLANG_WARN_BOOL_CONVERSION = YES;
				CLANG_WARN_COMMA = YES;
				CLANG_WARN_CONSTANT_CONVERSION = YES;
				CLANG_WARN_DEPRECATED_OBJC_IMPLEMENTATIONS = YES;
				CLANG_WARN_DIRECT_OBJC_ISA_USAGE = YES_ERROR;
				CLANG_WARN_DOCUMENTATION_COMMENTS = YES;
				CLANG_WARN_EMPTY_BODY = YES;
				CLANG_WARN_ENUM_CONVERSION = YES;
				CLANG_WARN_INFINITE_RECURSION = YES;
				CLANG_WARN_INT_CONVERSION = YES;
				CLANG_WARN_NON_LITERAL_NULL_CONVERSION = YES;
				CLANG_WARN_OBJC_IMPLICIT_RETAIN_SELF = YES;
				CLANG_WARN_OBJC_LITERAL_CONVERSION = YES;
				CLANG_WARN_OBJC_ROOT_CLASS = YES_ERROR;
				CLANG_WARN_RANGE_LOOP_ANALYSIS = YES;
				CLANG_WARN_STRICT_PROTOTYPES = YES;
				CLANG_WARN_SUSPICIOUS_MOVE = YES;
				CLANG_WARN_UNGUARDED_AVAILABILITY = YES_AGGRESSIVE;
				CLANG_WARN_UNREACHABLE_CODE = YES;
				CLANG_WARN__DUPLICATE_METHOD_MATCH = YES;
				COPY_PHASE_STRIP = NO;
				DEBUG_INFORMATION_FORMAT = "dwarf-with-dsym";
				ENABLE_NS_ASSERTIONS = NO;
				ENABLE_STRICT_OBJC_MSGSEND = YES;
				GCC_C_LANGUAGE_STANDARD = gnu11;
				GCC_NO_COMMON_BLOCKS = YES;
				GCC_WARN_64_TO_32_BIT_CONVERSION = YES;
				GCC_WARN_ABOUT_RETURN_TYPE = YES_ERROR;
				GCC_WARN_UNDECLARED_SELECTOR = YES;
				GCC_WARN_UNINITIALIZED_AUTOS = YES_AGGRESSIVE;
				GCC_WARN_UNUSED_FUNCTION = YES;
				GCC_WARN_UNUSED_VARIABLE = YES;
				IPHONEOS_DEPLOYMENT_TARGET = 13.0;
				MTL_ENABLE_DEBUG_INFO = NO;
				MTL_FAST_MATH = YES;
				SDKROOT = iphoneos;
				VALIDATE_PRODUCT = YES;
			};
			name = Release;
		};
		45E1C73E2360EE460079DBB1 /* Debug */ = {
			isa = XCBuildConfiguration;
			buildSettings = {
				ASSETCATALOG_COMPILER_APPICON_NAME = AppIcon;
				CODE_SIGN_STYLE = Automatic;
				DEVELOPMENT_TEAM = "";
				INFOPLIST_FILE = mapapp/Info.plist;
				LD_RUNPATH_SEARCH_PATHS = (
					"$(inherited)",
					"@executable_path/Frameworks",
				);
				PRODUCT_BUNDLE_IDENTIFIER = com.test.mapapp;
				PRODUCT_NAME = "$(TARGET_NAME)";
				TARGETED_DEVICE_FAMILY = "1,2";
			};
			name = Debug;
		};
		45E1C73F2360EE460079DBB1 /* Release */ = {
			isa = XCBuildConfiguration;
			buildSettings = {
				ASSETCATALOG_COMPILER_APPICON_NAME = AppIcon;
				CODE_SIGN_IDENTITY = "Apple Development";
				CODE_SIGN_STYLE = Automatic;
				DEVELOPMENT_TEAM = "";
				INFOPLIST_FILE = mapapp/Info.plist;
				LD_RUNPATH_SEARCH_PATHS = (
					"$(inherited)",
					"@executable_path/Frameworks",
				);
				PRODUCT_BUNDLE_IDENTIFIER = com.test.mapapp;
				PRODUCT_NAME = "$(TARGET_NAME)";
				PROVISIONING_PROFILE_SPECIFIER = "";
				TARGETED_DEVICE_FAMILY = "1,2";
			};
			name = Release;
		};
/* End XCBuildConfiguration section */

/* Begin XCConfigurationList section */
		45E1C71F2360EE400079DBB1 /* Build configuration list for PBXProject "mapapp" */ = {
			isa = XCConfigurationList;
			buildConfigurations = (
				45E1C73B2360EE460079DBB1 /* Debug */,
				45E1C73C2360EE460079DBB1 /* Release */,
			);
			defaultConfigurationIsVisible = 0;
			defaultConfigurationName = Release;
		};
		45E1C73D2360EE460079DBB1 /* Build configuration list for PBXNativeTarget "mapapp" */ = {
			isa = XCConfigurationList;
			buildConfigurations = (
				45E1C73E2360EE460079DBB1 /* Debug */,
				45E1C73F2360EE460079DBB1 /* Release */,
			);
			defaultConfigurationIsVisible = 0;
			defaultConfigurationName = Release;
		};
/* End XCConfigurationList section */
	};
	rootObject = 45E1C71C2360EE400079DBB1 /* Project object */;
}
